
Microsoft Visual Studio Solution File, Format Version 12.00
# Visual Studio 14
VisualStudioVersion = 14.0.25420.1
MinimumVisualStudioVersion = 10.0.40219.1
Project("{FAE04EC0-301F-11D3-BF4B-00C04F79EFBC}") = "Uppgift01", "Labb1\Uppgift01.csproj", "{99E1F06F-04CA-4CA0-850D-830A9B97B7C5}"
EndProject
Project("{FAE04EC0-301F-11D3-BF4B-00C04F79EFBC}") = "Uppgift02", "Uppgift02\Uppgift02.csproj", "{DC22CF15-DF8B-4483-A267-85C04AE0087C}"
EndProject
Project("{FAE04EC0-301F-11D3-BF4B-00C04F79EFBC}") = "Uppgift03", "Uppgift03\Uppgift03.csproj", "{91FDB146-878C-4C18-BD2E-78EC8221D598}"
EndProject
Project("{FAE04EC0-301F-11D3-BF4B-00C04F79EFBC}") = "Uppgift04", "Uppgift04\Uppgift04.csproj", "{FF11288B-5FA4-4370-A4FB-67603013744B}"
EndProject
Project("{FAE04EC0-301F-11D3-BF4B-00C04F79EFBC}") = "Uppgift05", "Uppgift05\Uppgift05.csproj", "{2101A7F6-4469-4BB1-80C4-7B6F93AD7125}"
EndProject
Project("{FAE04EC0-301F-11D3-BF4B-00C04F79EFBC}") = "Uppgift06", "Uppgift06\Uppgift06.csproj", "{A3A074DF-B4D8-48B6-9963-6D5841792058}"
EndProject
Project("{FAE04EC0-301F-11D3-BF4B-00C04F79EFBC}") = "Uppgift07", "Uppgift07\Uppgift07.csproj", "{5BE640EC-676F-40A2-AE9B-92FEA55518B3}"
EndProject
Project("{FAE04EC0-301F-11D3-BF4B-00C04F79EFBC}") = "Uppgift08", "Uppgift08\Uppgift08.csproj", "{0A21038C-814B-475F-8C60-ABA28FB8250A}"
EndProject
Project("{FAE04EC0-301F-11D3-BF4B-00C04F79EFBC}") = "Uppgift09", "Uppgift09\Uppgift09.csproj", "{EC9C2275-E1DA-48FB-8443-69DCBD75C9ED}"
EndProject
Project("{FAE04EC0-301F-11D3-BF4B-00C04F79EFBC}") = "Uppgift10", "Uppgift10\Uppgift10.csproj", "{0A878ED6-0CE9-4E35-8E38-517EB099EF5F}"
EndProject
Project("{FAE04EC0-301F-11D3-BF4B-00C04F79EFBC}") = "Uppgift11", "Uppgift11\Uppgift11.csproj", "{7000893E-E70C-4CDE-804A-65725CDE0CEA}"
EndProject
Project("{FAE04EC0-301F-11D3-BF4B-00C04F79EFBC}") = "Uppgift12", "Uppgift12\Uppgift12.csproj", "{7CE152AC-1CF6-499E-8078-8D9ACFE7D22C}"
EndProject
Project("{FAE04EC0-301F-11D3-BF4B-00C04F79EFBC}") = "Uppgift13", "Uppgift13\Uppgift13.csproj", "{51C3DA9D-C464-4329-B898-FD9882550BC3}"
EndProject
Project("{FAE04EC0-301F-11D3-BF4B-00C04F79EFBC}") = "Uppgift14", "Uppgift14\Uppgift14.csproj", "{3D198E33-62F0-49CD-8E75-BC2BC7AF6318}"
EndProject
Project("{FAE04EC0-301F-11D3-BF4B-00C04F79EFBC}") = "Uppgift15", "Uppgift15\Uppgift15.csproj", "{9855ABE7-75B9-4ABB-A31A-DB13E29DE21F}"
EndProject
Global
	GlobalSection(SolutionConfigurationPlatforms) = preSolution
		Debug|Any CPU = Debug|Any CPU
		Release|Any CPU = Release|Any CPU
	EndGlobalSection
	GlobalSection(ProjectConfigurationPlatforms) = postSolution
		{99E1F06F-04CA-4CA0-850D-830A9B97B7C5}.Debug|Any CPU.ActiveCfg = Debug|Any CPU
		{99E1F06F-04CA-4CA0-850D-830A9B97B7C5}.Debug|Any CPU.Build.0 = Debug|Any CPU
		{99E1F06F-04CA-4CA0-850D-830A9B97B7C5}.Release|Any CPU.ActiveCfg = Release|Any CPU
		{99E1F06F-04CA-4CA0-850D-830A9B97B7C5}.Release|Any CPU.Build.0 = Release|Any CPU
		{DC22CF15-DF8B-4483-A267-85C04AE0087C}.Debug|Any CPU.ActiveCfg = Debug|Any CPU
		{DC22CF15-DF8B-4483-A267-85C04AE0087C}.Debug|Any CPU.Build.0 = Debug|Any CPU
		{DC22CF15-DF8B-4483-A267-85C04AE0087C}.Release|Any CPU.ActiveCfg = Release|Any CPU
		{DC22CF15-DF8B-4483-A267-85C04AE0087C}.Release|Any CPU.Build.0 = Release|Any CPU
		{91FDB146-878C-4C18-BD2E-78EC8221D598}.Debug|Any CPU.ActiveCfg = Debug|Any CPU
		{91FDB146-878C-4C18-BD2E-78EC8221D598}.Debug|Any CPU.Build.0 = Debug|Any CPU
		{91FDB146-878C-4C18-BD2E-78EC8221D598}.Release|Any CPU.ActiveCfg = Release|Any CPU
		{91FDB146-878C-4C18-BD2E-78EC8221D598}.Release|Any CPU.Build.0 = Release|Any CPU
		{FF11288B-5FA4-4370-A4FB-67603013744B}.Debug|Any CPU.ActiveCfg = Debug|Any CPU
		{FF11288B-5FA4-4370-A4FB-67603013744B}.Debug|Any CPU.Build.0 = Debug|Any CPU
		{FF11288B-5FA4-4370-A4FB-67603013744B}.Release|Any CPU.ActiveCfg = Release|Any CPU
		{FF11288B-5FA4-4370-A4FB-67603013744B}.Release|Any CPU.Build.0 = Release|Any CPU
		{2101A7F6-4469-4BB1-80C4-7B6F93AD7125}.Debug|Any CPU.ActiveCfg = Debug|Any CPU
		{2101A7F6-4469-4BB1-80C4-7B6F93AD7125}.Debug|Any CPU.Build.0 = Debug|Any CPU
		{2101A7F6-4469-4BB1-80C4-7B6F93AD7125}.Release|Any CPU.ActiveCfg = Release|Any CPU
		{2101A7F6-4469-4BB1-80C4-7B6F93AD7125}.Release|Any CPU.Build.0 = Release|Any CPU
		{A3A074DF-B4D8-48B6-9963-6D5841792058}.Debug|Any CPU.ActiveCfg = Debug|Any CPU
		{A3A074DF-B4D8-48B6-9963-6D5841792058}.Debug|Any CPU.Build.0 = Debug|Any CPU
		{A3A074DF-B4D8-48B6-9963-6D5841792058}.Release|Any CPU.ActiveCfg = Release|Any CPU
		{A3A074DF-B4D8-48B6-9963-6D5841792058}.Release|Any CPU.Build.0 = Release|Any CPU
		{5BE640EC-676F-40A2-AE9B-92FEA55518B3}.Debug|Any CPU.ActiveCfg = Debug|Any CPU
		{5BE640EC-676F-40A2-AE9B-92FEA55518B3}.Debug|Any CPU.Build.0 = Debug|Any CPU
		{5BE640EC-676F-40A2-AE9B-92FEA55518B3}.Release|Any CPU.ActiveCfg = Release|Any CPU
		{5BE640EC-676F-40A2-AE9B-92FEA55518B3}.Release|Any CPU.Build.0 = Release|Any CPU
		{0A21038C-814B-475F-8C60-ABA28FB8250A}.Debug|Any CPU.ActiveCfg = Debug|Any CPU
		{0A21038C-814B-475F-8C60-ABA28FB8250A}.Debug|Any CPU.Build.0 = Debug|Any CPU
		{0A21038C-814B-475F-8C60-ABA28FB8250A}.Release|Any CPU.ActiveCfg = Release|Any CPU
		{0A21038C-814B-475F-8C60-ABA28FB8250A}.Release|Any CPU.Build.0 = Release|Any CPU
		{EC9C2275-E1DA-48FB-8443-69DCBD75C9ED}.Debug|Any CPU.ActiveCfg = Debug|Any CPU
		{EC9C2275-E1DA-48FB-8443-69DCBD75C9ED}.Debug|Any CPU.Build.0 = Debug|Any CPU
		{EC9C2275-E1DA-48FB-8443-69DCBD75C9ED}.Release|Any CPU.ActiveCfg = Release|Any CPU
		{EC9C2275-E1DA-48FB-8443-69DCBD75C9ED}.Release|Any CPU.Build.0 = Release|Any CPU
		{0A878ED6-0CE9-4E35-8E38-517EB099EF5F}.Debug|Any CPU.ActiveCfg = Debug|Any CPU
		{0A878ED6-0CE9-4E35-8E38-517EB099EF5F}.Debug|Any CPU.Build.0 = Debug|Any CPU
		{0A878ED6-0CE9-4E35-8E38-517EB099EF5F}.Release|Any CPU.ActiveCfg = Release|Any CPU
		{0A878ED6-0CE9-4E35-8E38-517EB099EF5F}.Release|Any CPU.Build.0 = Release|Any CPU
		{7000893E-E70C-4CDE-804A-65725CDE0CEA}.Debug|Any CPU.ActiveCfg = Debug|Any CPU
		{7000893E-E70C-4CDE-804A-65725CDE0CEA}.Debug|Any CPU.Build.0 = Debug|Any CPU
		{7000893E-E70C-4CDE-804A-65725CDE0CEA}.Release|Any CPU.ActiveCfg = Release|Any CPU
		{7000893E-E70C-4CDE-804A-65725CDE0CEA}.Release|Any CPU.Build.0 = Release|Any CPU
		{7CE152AC-1CF6-499E-8078-8D9ACFE7D22C}.Debug|Any CPU.ActiveCfg = Debug|Any CPU
		{7CE152AC-1CF6-499E-8078-8D9ACFE7D22C}.Debug|Any CPU.Build.0 = Debug|Any CPU
		{7CE152AC-1CF6-499E-8078-8D9ACFE7D22C}.Release|Any CPU.ActiveCfg = Release|Any CPU
		{7CE152AC-1CF6-499E-8078-8D9ACFE7D22C}.Release|Any CPU.Build.0 = Release|Any CPU
		{51C3DA9D-C464-4329-B898-FD9882550BC3}.Debug|Any CPU.ActiveCfg = Debug|Any CPU
		{51C3DA9D-C464-4329-B898-FD9882550BC3}.Debug|Any CPU.Build.0 = Debug|Any CPU
		{51C3DA9D-C464-4329-B898-FD9882550BC3}.Release|Any CPU.ActiveCfg = Release|Any CPU
		{51C3DA9D-C464-4329-B898-FD9882550BC3}.Release|Any CPU.Build.0 = Release|Any CPU
		{3D198E33-62F0-49CD-8E75-BC2BC7AF6318}.Debug|Any CPU.ActiveCfg = Debug|Any CPU
		{3D198E33-62F0-49CD-8E75-BC2BC7AF6318}.Debug|Any CPU.Build.0 = Debug|Any CPU
		{3D198E33-62F0-49CD-8E75-BC2BC7AF6318}.Release|Any CPU.ActiveCfg = Release|Any CPU
		{3D198E33-62F0-49CD-8E75-BC2BC7AF6318}.Release|Any CPU.Build.0 = Release|Any CPU
		{9855ABE7-75B9-4ABB-A31A-DB13E29DE21F}.Debug|Any CPU.ActiveCfg = Debug|Any CPU
		{9855ABE7-75B9-4ABB-A31A-DB13E29DE21F}.Debug|Any CPU.Build.0 = Debug|Any CPU
		{9855ABE7-75B9-4ABB-A31A-DB13E29DE21F}.Release|Any CPU.ActiveCfg = Release|Any CPU
		{9855ABE7-75B9-4ABB-A31A-DB13E29DE21F}.Release|Any CPU.Build.0 = Release|Any CPU
	EndGlobalSection
	GlobalSection(SolutionProperties) = preSolution
		HideSolutionNode = FALSE
	EndGlobalSection
EndGlobal
